
Microsoft Visual Studio Solution File, Format Version 12.00
# Visual Studio Version 16
VisualStudioVersion = 16.0.30204.135
MinimumVisualStudioVersion = 15.0.26124.0
Project("{2150E333-8FDC-42A3-9474-1A3956D46DE8}") = "trabalhando-no-console", "trabalhando-no-console", "{FB59843A-6725-447F-8E49-703593ECD578}"
EndProject
Project("{9A19103F-16F7-4668-BE54-9A1E7A4F7556}") = "exercicio01", "trabalhando-no-console\exercicio01\exercicio01.csproj", "{A2302C35-8F6D-4E01-B495-09E2664E2B83}"
EndProject
Project("{9A19103F-16F7-4668-BE54-9A1E7A4F7556}") = "exercicio02", "trabalhando-no-console\exercicio02\exercicio02.csproj", "{73EA6B26-8A9C-4639-90B3-B253201E61A8}"
EndProject
Project("{9A19103F-16F7-4668-BE54-9A1E7A4F7556}") = "exercicio03", "trabalhando-no-console\exercicio03\exercicio03.csproj", "{F43BE926-884A-4296-8C19-572D621192A4}"
EndProject
Project("{2150E333-8FDC-42A3-9474-1A3956D46DE8}") = "exercicio04", "exercicio04", "{1EAD2A4A-2EB8-4167-B6CA-224274BABC85}"
EndProject
Project("{9A19103F-16F7-4668-BE54-9A1E7A4F7556}") = "exercicio04", "trabalhando-no-console\exercicio04\exercicio04\exercicio04.csproj", "{88E78A10-CA59-401A-8788-ED9204E4CB00}"
EndProject
Project("{9A19103F-16F7-4668-BE54-9A1E7A4F7556}") = "AlunoMSTest", "trabalhando-no-console\exercicio04\AlunoMSTest\AlunoMSTest.csproj", "{965F5967-C09C-4E6F-B370-0722240F0950}"
EndProject
Project("{9A19103F-16F7-4668-BE54-9A1E7A4F7556}") = "AlunoXUnitTest", "trabalhando-no-console\exercicio04\AlunoXUnitTest\AlunoXUnitTest.csproj", "{0A404455-CE59-466F-9B6A-B308EF8BF14F}"
EndProject
Project("{9A19103F-16F7-4668-BE54-9A1E7A4F7556}") = "exercicio05", "trabalhando-no-console\exercicio05\exercicio05.csproj", "{5DE5C164-2295-4892-8B44-3EB979AF7346}"
EndProject
Project("{9A19103F-16F7-4668-BE54-9A1E7A4F7556}") = "exercicio06", "trabalhando-no-console\exercicio06\exercicio06.csproj", "{F9FFDFE9-66FF-426E-AAB0-4B359398B195}"
EndProject
Project("{9A19103F-16F7-4668-BE54-9A1E7A4F7556}") = "exercicio07", "trabalhando-no-console\exercicio07\exercicio07.csproj", "{BDE7B8D2-B7A5-4012-A86F-033AAA07D2FA}"
EndProject
Project("{9A19103F-16F7-4668-BE54-9A1E7A4F7556}") = "exercicio08", "trabalhando-no-console\exercicio08\exercicio08.csproj", "{EBB7FFED-2980-4025-AD8D-B373BCA7F581}"
EndProject
Project("{9A19103F-16F7-4668-BE54-9A1E7A4F7556}") = "exercicio09", "trabalhando-no-console\exercicio09\exercicio09.csproj", "{34769E85-7136-43C1-A2AD-828632C5DB80}"
EndProject
Project("{2150E333-8FDC-42A3-9474-1A3956D46DE8}") = "Utilizando POO", "Utilizando POO", "{C19E419D-E6AA-4A65-96A9-082A3F66E253}"
EndProject
Project("{9A19103F-16F7-4668-BE54-9A1E7A4F7556}") = "exercicio01", "Utilizando POO\exercicio01\exercicio01.csproj", "{AE6CBBD5-F897-4E2F-A3E7-3F8DED7CE467}"
EndProject
Project("{2150E333-8FDC-42A3-9474-1A3956D46DE8}") = "exercicio03", "exercicio03", "{974A9855-1F19-4252-80E5-67E92B7F0587}"
EndProject
Project("{9A19103F-16F7-4668-BE54-9A1E7A4F7556}") = "ContaBancaria", "Utilizando POO\exercicio03\ContaBancaria\ContaBancaria.csproj", "{B9693ABF-83AD-4F52-92A2-0258778B82DA}"
EndProject
Project("{9A19103F-16F7-4668-BE54-9A1E7A4F7556}") = "ContaBancariaXUnitTest", "Utilizando POO\exercicio03\ContaBancariaXUnitTest\ContaBancariaXUnitTest.csproj", "{8A6613A3-B4C9-4298-90A0-A2C27353DC45}"
EndProject
Project("{2150E333-8FDC-42A3-9474-1A3956D46DE8}") = "exercicio04", "exercicio04", "{398B0222-5417-447F-A9C0-79C0CD19EF9B}"
EndProject
Project("{9A19103F-16F7-4668-BE54-9A1E7A4F7556}") = "SalaDeEstar", "Utilizando POO\exercicio04\SalaDeEstar\SalaDeEstar.csproj", "{15B737C0-6634-41F9-B602-E32159D48223}"
EndProject
Project("{9A19103F-16F7-4668-BE54-9A1E7A4F7556}") = "SalaDeEstar.Test", "Utilizando POO\exercicio04\SalaDeEstar.Test\SalaDeEstar.Test.csproj", "{8D9932EB-147E-46AE-9B4F-44C137996042}"
EndProject
Project("{2150E333-8FDC-42A3-9474-1A3956D46DE8}") = "Perguntas teóricas", "Perguntas teóricas", "{DEEEE04B-D7E9-4BED-87B3-F3D666E0E2E3}"
	ProjectSection(SolutionItems) = preProject
		Respostas POO.md = Respostas POO.md
		Perguntas Teóricas de Introdução\Respostas.md = Perguntas Teóricas de Introdução\Respostas.md
		Trabalhando com testes\Trabalhando com testes.md = Trabalhando com testes\Trabalhando com testes.md
	EndProjectSection
EndProject
Global
	GlobalSection(SolutionConfigurationPlatforms) = preSolution
		Debug|Any CPU = Debug|Any CPU
		Debug|x64 = Debug|x64
		Debug|x86 = Debug|x86
		Release|Any CPU = Release|Any CPU
		Release|x64 = Release|x64
		Release|x86 = Release|x86
	EndGlobalSection
	GlobalSection(ProjectConfigurationPlatforms) = postSolution
		{A2302C35-8F6D-4E01-B495-09E2664E2B83}.Debug|Any CPU.ActiveCfg = Debug|Any CPU
		{A2302C35-8F6D-4E01-B495-09E2664E2B83}.Debug|Any CPU.Build.0 = Debug|Any CPU
		{A2302C35-8F6D-4E01-B495-09E2664E2B83}.Debug|x64.ActiveCfg = Debug|Any CPU
		{A2302C35-8F6D-4E01-B495-09E2664E2B83}.Debug|x64.Build.0 = Debug|Any CPU
		{A2302C35-8F6D-4E01-B495-09E2664E2B83}.Debug|x86.ActiveCfg = Debug|Any CPU
		{A2302C35-8F6D-4E01-B495-09E2664E2B83}.Debug|x86.Build.0 = Debug|Any CPU
		{A2302C35-8F6D-4E01-B495-09E2664E2B83}.Release|Any CPU.ActiveCfg = Release|Any CPU
		{A2302C35-8F6D-4E01-B495-09E2664E2B83}.Release|Any CPU.Build.0 = Release|Any CPU
		{A2302C35-8F6D-4E01-B495-09E2664E2B83}.Release|x64.ActiveCfg = Release|Any CPU
		{A2302C35-8F6D-4E01-B495-09E2664E2B83}.Release|x64.Build.0 = Release|Any CPU
		{A2302C35-8F6D-4E01-B495-09E2664E2B83}.Release|x86.ActiveCfg = Release|Any CPU
		{A2302C35-8F6D-4E01-B495-09E2664E2B83}.Release|x86.Build.0 = Release|Any CPU
		{73EA6B26-8A9C-4639-90B3-B253201E61A8}.Debug|Any CPU.ActiveCfg = Debug|Any CPU
		{73EA6B26-8A9C-4639-90B3-B253201E61A8}.Debug|Any CPU.Build.0 = Debug|Any CPU
		{73EA6B26-8A9C-4639-90B3-B253201E61A8}.Debug|x64.ActiveCfg = Debug|Any CPU
		{73EA6B26-8A9C-4639-90B3-B253201E61A8}.Debug|x64.Build.0 = Debug|Any CPU
		{73EA6B26-8A9C-4639-90B3-B253201E61A8}.Debug|x86.ActiveCfg = Debug|Any CPU
		{73EA6B26-8A9C-4639-90B3-B253201E61A8}.Debug|x86.Build.0 = Debug|Any CPU
		{73EA6B26-8A9C-4639-90B3-B253201E61A8}.Release|Any CPU.ActiveCfg = Release|Any CPU
		{73EA6B26-8A9C-4639-90B3-B253201E61A8}.Release|Any CPU.Build.0 = Release|Any CPU
		{73EA6B26-8A9C-4639-90B3-B253201E61A8}.Release|x64.ActiveCfg = Release|Any CPU
		{73EA6B26-8A9C-4639-90B3-B253201E61A8}.Release|x64.Build.0 = Release|Any CPU
		{73EA6B26-8A9C-4639-90B3-B253201E61A8}.Release|x86.ActiveCfg = Release|Any CPU
		{73EA6B26-8A9C-4639-90B3-B253201E61A8}.Release|x86.Build.0 = Release|Any CPU
		{F43BE926-884A-4296-8C19-572D621192A4}.Debug|Any CPU.ActiveCfg = Debug|Any CPU
		{F43BE926-884A-4296-8C19-572D621192A4}.Debug|Any CPU.Build.0 = Debug|Any CPU
		{F43BE926-884A-4296-8C19-572D621192A4}.Debug|x64.ActiveCfg = Debug|Any CPU
		{F43BE926-884A-4296-8C19-572D621192A4}.Debug|x64.Build.0 = Debug|Any CPU
		{F43BE926-884A-4296-8C19-572D621192A4}.Debug|x86.ActiveCfg = Debug|Any CPU
		{F43BE926-884A-4296-8C19-572D621192A4}.Debug|x86.Build.0 = Debug|Any CPU
		{F43BE926-884A-4296-8C19-572D621192A4}.Release|Any CPU.ActiveCfg = Release|Any CPU
		{F43BE926-884A-4296-8C19-572D621192A4}.Release|Any CPU.Build.0 = Release|Any CPU
		{F43BE926-884A-4296-8C19-572D621192A4}.Release|x64.ActiveCfg = Release|Any CPU
		{F43BE926-884A-4296-8C19-572D621192A4}.Release|x64.Build.0 = Release|Any CPU
		{F43BE926-884A-4296-8C19-572D621192A4}.Release|x86.ActiveCfg = Release|Any CPU
		{F43BE926-884A-4296-8C19-572D621192A4}.Release|x86.Build.0 = Release|Any CPU
		{88E78A10-CA59-401A-8788-ED9204E4CB00}.Debug|Any CPU.ActiveCfg = Debug|Any CPU
		{88E78A10-CA59-401A-8788-ED9204E4CB00}.Debug|Any CPU.Build.0 = Debug|Any CPU
		{88E78A10-CA59-401A-8788-ED9204E4CB00}.Debug|x64.ActiveCfg = Debug|Any CPU
		{88E78A10-CA59-401A-8788-ED9204E4CB00}.Debug|x64.Build.0 = Debug|Any CPU
		{88E78A10-CA59-401A-8788-ED9204E4CB00}.Debug|x86.ActiveCfg = Debug|Any CPU
		{88E78A10-CA59-401A-8788-ED9204E4CB00}.Debug|x86.Build.0 = Debug|Any CPU
		{88E78A10-CA59-401A-8788-ED9204E4CB00}.Release|Any CPU.ActiveCfg = Release|Any CPU
		{88E78A10-CA59-401A-8788-ED9204E4CB00}.Release|Any CPU.Build.0 = Release|Any CPU
		{88E78A10-CA59-401A-8788-ED9204E4CB00}.Release|x64.ActiveCfg = Release|Any CPU
		{88E78A10-CA59-401A-8788-ED9204E4CB00}.Release|x64.Build.0 = Release|Any CPU
		{88E78A10-CA59-401A-8788-ED9204E4CB00}.Release|x86.ActiveCfg = Release|Any CPU
		{88E78A10-CA59-401A-8788-ED9204E4CB00}.Release|x86.Build.0 = Release|Any CPU
		{965F5967-C09C-4E6F-B370-0722240F0950}.Debug|Any CPU.ActiveCfg = Debug|Any CPU
		{965F5967-C09C-4E6F-B370-0722240F0950}.Debug|Any CPU.Build.0 = Debug|Any CPU
		{965F5967-C09C-4E6F-B370-0722240F0950}.Debug|x64.ActiveCfg = Debug|Any CPU
		{965F5967-C09C-4E6F-B370-0722240F0950}.Debug|x64.Build.0 = Debug|Any CPU
		{965F5967-C09C-4E6F-B370-0722240F0950}.Debug|x86.ActiveCfg = Debug|Any CPU
		{965F5967-C09C-4E6F-B370-0722240F0950}.Debug|x86.Build.0 = Debug|Any CPU
		{965F5967-C09C-4E6F-B370-0722240F0950}.Release|Any CPU.ActiveCfg = Release|Any CPU
		{965F5967-C09C-4E6F-B370-0722240F0950}.Release|Any CPU.Build.0 = Release|Any CPU
		{965F5967-C09C-4E6F-B370-0722240F0950}.Release|x64.ActiveCfg = Release|Any CPU
		{965F5967-C09C-4E6F-B370-0722240F0950}.Release|x64.Build.0 = Release|Any CPU
		{965F5967-C09C-4E6F-B370-0722240F0950}.Release|x86.ActiveCfg = Release|Any CPU
		{965F5967-C09C-4E6F-B370-0722240F0950}.Release|x86.Build.0 = Release|Any CPU
		{0A404455-CE59-466F-9B6A-B308EF8BF14F}.Debug|Any CPU.ActiveCfg = Debug|Any CPU
		{0A404455-CE59-466F-9B6A-B308EF8BF14F}.Debug|Any CPU.Build.0 = Debug|Any CPU
		{0A404455-CE59-466F-9B6A-B308EF8BF14F}.Debug|x64.ActiveCfg = Debug|Any CPU
		{0A404455-CE59-466F-9B6A-B308EF8BF14F}.Debug|x64.Build.0 = Debug|Any CPU
		{0A404455-CE59-466F-9B6A-B308EF8BF14F}.Debug|x86.ActiveCfg = Debug|Any CPU
		{0A404455-CE59-466F-9B6A-B308EF8BF14F}.Debug|x86.Build.0 = Debug|Any CPU
		{0A404455-CE59-466F-9B6A-B308EF8BF14F}.Release|Any CPU.ActiveCfg = Release|Any CPU
		{0A404455-CE59-466F-9B6A-B308EF8BF14F}.Release|Any CPU.Build.0 = Release|Any CPU
		{0A404455-CE59-466F-9B6A-B308EF8BF14F}.Release|x64.ActiveCfg = Release|Any CPU
		{0A404455-CE59-466F-9B6A-B308EF8BF14F}.Release|x64.Build.0 = Release|Any CPU
		{0A404455-CE59-466F-9B6A-B308EF8BF14F}.Release|x86.ActiveCfg = Release|Any CPU
		{0A404455-CE59-466F-9B6A-B308EF8BF14F}.Release|x86.Build.0 = Release|Any CPU
		{5DE5C164-2295-4892-8B44-3EB979AF7346}.Debug|Any CPU.ActiveCfg = Debug|Any CPU
		{5DE5C164-2295-4892-8B44-3EB979AF7346}.Debug|Any CPU.Build.0 = Debug|Any CPU
		{5DE5C164-2295-4892-8B44-3EB979AF7346}.Debug|x64.ActiveCfg = Debug|Any CPU
		{5DE5C164-2295-4892-8B44-3EB979AF7346}.Debug|x64.Build.0 = Debug|Any CPU
		{5DE5C164-2295-4892-8B44-3EB979AF7346}.Debug|x86.ActiveCfg = Debug|Any CPU
		{5DE5C164-2295-4892-8B44-3EB979AF7346}.Debug|x86.Build.0 = Debug|Any CPU
		{5DE5C164-2295-4892-8B44-3EB979AF7346}.Release|Any CPU.ActiveCfg = Release|Any CPU
		{5DE5C164-2295-4892-8B44-3EB979AF7346}.Release|Any CPU.Build.0 = Release|Any CPU
		{5DE5C164-2295-4892-8B44-3EB979AF7346}.Release|x64.ActiveCfg = Release|Any CPU
		{5DE5C164-2295-4892-8B44-3EB979AF7346}.Release|x64.Build.0 = Release|Any CPU
		{5DE5C164-2295-4892-8B44-3EB979AF7346}.Release|x86.ActiveCfg = Release|Any CPU
		{5DE5C164-2295-4892-8B44-3EB979AF7346}.Release|x86.Build.0 = Release|Any CPU
		{F9FFDFE9-66FF-426E-AAB0-4B359398B195}.Debug|Any CPU.ActiveCfg = Debug|Any CPU
		{F9FFDFE9-66FF-426E-AAB0-4B359398B195}.Debug|Any CPU.Build.0 = Debug|Any CPU
		{F9FFDFE9-66FF-426E-AAB0-4B359398B195}.Debug|x64.ActiveCfg = Debug|Any CPU
		{F9FFDFE9-66FF-426E-AAB0-4B359398B195}.Debug|x64.Build.0 = Debug|Any CPU
		{F9FFDFE9-66FF-426E-AAB0-4B359398B195}.Debug|x86.ActiveCfg = Debug|Any CPU
		{F9FFDFE9-66FF-426E-AAB0-4B359398B195}.Debug|x86.Build.0 = Debug|Any CPU
		{F9FFDFE9-66FF-426E-AAB0-4B359398B195}.Release|Any CPU.ActiveCfg = Release|Any CPU
		{F9FFDFE9-66FF-426E-AAB0-4B359398B195}.Release|Any CPU.Build.0 = Release|Any CPU
		{F9FFDFE9-66FF-426E-AAB0-4B359398B195}.Release|x64.ActiveCfg = Release|Any CPU
		{F9FFDFE9-66FF-426E-AAB0-4B359398B195}.Release|x64.Build.0 = Release|Any CPU
		{F9FFDFE9-66FF-426E-AAB0-4B359398B195}.Release|x86.ActiveCfg = Release|Any CPU
		{F9FFDFE9-66FF-426E-AAB0-4B359398B195}.Release|x86.Build.0 = Release|Any CPU
		{BDE7B8D2-B7A5-4012-A86F-033AAA07D2FA}.Debug|Any CPU.ActiveCfg = Debug|Any CPU
		{BDE7B8D2-B7A5-4012-A86F-033AAA07D2FA}.Debug|Any CPU.Build.0 = Debug|Any CPU
		{BDE7B8D2-B7A5-4012-A86F-033AAA07D2FA}.Debug|x64.ActiveCfg = Debug|Any CPU
		{BDE7B8D2-B7A5-4012-A86F-033AAA07D2FA}.Debug|x64.Build.0 = Debug|Any CPU
		{BDE7B8D2-B7A5-4012-A86F-033AAA07D2FA}.Debug|x86.ActiveCfg = Debug|Any CPU
		{BDE7B8D2-B7A5-4012-A86F-033AAA07D2FA}.Debug|x86.Build.0 = Debug|Any CPU
		{BDE7B8D2-B7A5-4012-A86F-033AAA07D2FA}.Release|Any CPU.ActiveCfg = Release|Any CPU
		{BDE7B8D2-B7A5-4012-A86F-033AAA07D2FA}.Release|Any CPU.Build.0 = Release|Any CPU
		{BDE7B8D2-B7A5-4012-A86F-033AAA07D2FA}.Release|x64.ActiveCfg = Release|Any CPU
		{BDE7B8D2-B7A5-4012-A86F-033AAA07D2FA}.Release|x64.Build.0 = Release|Any CPU
		{BDE7B8D2-B7A5-4012-A86F-033AAA07D2FA}.Release|x86.ActiveCfg = Release|Any CPU
		{BDE7B8D2-B7A5-4012-A86F-033AAA07D2FA}.Release|x86.Build.0 = Release|Any CPU
		{EBB7FFED-2980-4025-AD8D-B373BCA7F581}.Debug|Any CPU.ActiveCfg = Debug|Any CPU
		{EBB7FFED-2980-4025-AD8D-B373BCA7F581}.Debug|Any CPU.Build.0 = Debug|Any CPU
		{EBB7FFED-2980-4025-AD8D-B373BCA7F581}.Debug|x64.ActiveCfg = Debug|Any CPU
		{EBB7FFED-2980-4025-AD8D-B373BCA7F581}.Debug|x64.Build.0 = Debug|Any CPU
		{EBB7FFED-2980-4025-AD8D-B373BCA7F581}.Debug|x86.ActiveCfg = Debug|Any CPU
		{EBB7FFED-2980-4025-AD8D-B373BCA7F581}.Debug|x86.Build.0 = Debug|Any CPU
		{EBB7FFED-2980-4025-AD8D-B373BCA7F581}.Release|Any CPU.ActiveCfg = Release|Any CPU
		{EBB7FFED-2980-4025-AD8D-B373BCA7F581}.Release|Any CPU.Build.0 = Release|Any CPU
		{EBB7FFED-2980-4025-AD8D-B373BCA7F581}.Release|x64.ActiveCfg = Release|Any CPU
		{EBB7FFED-2980-4025-AD8D-B373BCA7F581}.Release|x64.Build.0 = Release|Any CPU
		{EBB7FFED-2980-4025-AD8D-B373BCA7F581}.Release|x86.ActiveCfg = Release|Any CPU
		{EBB7FFED-2980-4025-AD8D-B373BCA7F581}.Release|x86.Build.0 = Release|Any CPU
		{34769E85-7136-43C1-A2AD-828632C5DB80}.Debug|Any CPU.ActiveCfg = Debug|Any CPU
		{34769E85-7136-43C1-A2AD-828632C5DB80}.Debug|Any CPU.Build.0 = Debug|Any CPU
		{34769E85-7136-43C1-A2AD-828632C5DB80}.Debug|x64.ActiveCfg = Debug|Any CPU
		{34769E85-7136-43C1-A2AD-828632C5DB80}.Debug|x64.Build.0 = Debug|Any CPU
		{34769E85-7136-43C1-A2AD-828632C5DB80}.Debug|x86.ActiveCfg = Debug|Any CPU
		{34769E85-7136-43C1-A2AD-828632C5DB80}.Debug|x86.Build.0 = Debug|Any CPU
		{34769E85-7136-43C1-A2AD-828632C5DB80}.Release|Any CPU.ActiveCfg = Release|Any CPU
		{34769E85-7136-43C1-A2AD-828632C5DB80}.Release|Any CPU.Build.0 = Release|Any CPU
		{34769E85-7136-43C1-A2AD-828632C5DB80}.Release|x64.ActiveCfg = Release|Any CPU
		{34769E85-7136-43C1-A2AD-828632C5DB80}.Release|x64.Build.0 = Release|Any CPU
		{34769E85-7136-43C1-A2AD-828632C5DB80}.Release|x86.ActiveCfg = Release|Any CPU
		{34769E85-7136-43C1-A2AD-828632C5DB80}.Release|x86.Build.0 = Release|Any CPU
		{AE6CBBD5-F897-4E2F-A3E7-3F8DED7CE467}.Debug|Any CPU.ActiveCfg = Debug|Any CPU
		{AE6CBBD5-F897-4E2F-A3E7-3F8DED7CE467}.Debug|Any CPU.Build.0 = Debug|Any CPU
		{AE6CBBD5-F897-4E2F-A3E7-3F8DED7CE467}.Debug|x64.ActiveCfg = Debug|Any CPU
		{AE6CBBD5-F897-4E2F-A3E7-3F8DED7CE467}.Debug|x64.Build.0 = Debug|Any CPU
		{AE6CBBD5-F897-4E2F-A3E7-3F8DED7CE467}.Debug|x86.ActiveCfg = Debug|Any CPU
		{AE6CBBD5-F897-4E2F-A3E7-3F8DED7CE467}.Debug|x86.Build.0 = Debug|Any CPU
		{AE6CBBD5-F897-4E2F-A3E7-3F8DED7CE467}.Release|Any CPU.ActiveCfg = Release|Any CPU
		{AE6CBBD5-F897-4E2F-A3E7-3F8DED7CE467}.Release|Any CPU.Build.0 = Release|Any CPU
		{AE6CBBD5-F897-4E2F-A3E7-3F8DED7CE467}.Release|x64.ActiveCfg = Release|Any CPU
		{AE6CBBD5-F897-4E2F-A3E7-3F8DED7CE467}.Release|x64.Build.0 = Release|Any CPU
		{AE6CBBD5-F897-4E2F-A3E7-3F8DED7CE467}.Release|x86.ActiveCfg = Release|Any CPU
		{AE6CBBD5-F897-4E2F-A3E7-3F8DED7CE467}.Release|x86.Build.0 = Release|Any CPU
		{B9693ABF-83AD-4F52-92A2-0258778B82DA}.Debug|Any CPU.ActiveCfg = Debug|Any CPU
		{B9693ABF-83AD-4F52-92A2-0258778B82DA}.Debug|Any CPU.Build.0 = Debug|Any CPU
		{B9693ABF-83AD-4F52-92A2-0258778B82DA}.Debug|x64.ActiveCfg = Debug|Any CPU
		{B9693ABF-83AD-4F52-92A2-0258778B82DA}.Debug|x64.Build.0 = Debug|Any CPU
		{B9693ABF-83AD-4F52-92A2-0258778B82DA}.Debug|x86.ActiveCfg = Debug|Any CPU
		{B9693ABF-83AD-4F52-92A2-0258778B82DA}.Debug|x86.Build.0 = Debug|Any CPU
		{B9693ABF-83AD-4F52-92A2-0258778B82DA}.Release|Any CPU.ActiveCfg = Release|Any CPU
		{B9693ABF-83AD-4F52-92A2-0258778B82DA}.Release|Any CPU.Build.0 = Release|Any CPU
		{B9693ABF-83AD-4F52-92A2-0258778B82DA}.Release|x64.ActiveCfg = Release|Any CPU
		{B9693ABF-83AD-4F52-92A2-0258778B82DA}.Release|x64.Build.0 = Release|Any CPU
		{B9693ABF-83AD-4F52-92A2-0258778B82DA}.Release|x86.ActiveCfg = Release|Any CPU
		{B9693ABF-83AD-4F52-92A2-0258778B82DA}.Release|x86.Build.0 = Release|Any CPU
		{8A6613A3-B4C9-4298-90A0-A2C27353DC45}.Debug|Any CPU.ActiveCfg = Debug|Any CPU
		{8A6613A3-B4C9-4298-90A0-A2C27353DC45}.Debug|Any CPU.Build.0 = Debug|Any CPU
		{8A6613A3-B4C9-4298-90A0-A2C27353DC45}.Debug|x64.ActiveCfg = Debug|Any CPU
		{8A6613A3-B4C9-4298-90A0-A2C27353DC45}.Debug|x64.Build.0 = Debug|Any CPU
		{8A6613A3-B4C9-4298-90A0-A2C27353DC45}.Debug|x86.ActiveCfg = Debug|Any CPU
		{8A6613A3-B4C9-4298-90A0-A2C27353DC45}.Debug|x86.Build.0 = Debug|Any CPU
		{8A6613A3-B4C9-4298-90A0-A2C27353DC45}.Release|Any CPU.ActiveCfg = Release|Any CPU
		{8A6613A3-B4C9-4298-90A0-A2C27353DC45}.Release|Any CPU.Build.0 = Release|Any CPU
		{8A6613A3-B4C9-4298-90A0-A2C27353DC45}.Release|x64.ActiveCfg = Release|Any CPU
		{8A6613A3-B4C9-4298-90A0-A2C27353DC45}.Release|x64.Build.0 = Release|Any CPU
		{8A6613A3-B4C9-4298-90A0-A2C27353DC45}.Release|x86.ActiveCfg = Release|Any CPU
		{8A6613A3-B4C9-4298-90A0-A2C27353DC45}.Release|x86.Build.0 = Release|Any CPU
		{15B737C0-6634-41F9-B602-E32159D48223}.Debug|Any CPU.ActiveCfg = Debug|Any CPU
		{15B737C0-6634-41F9-B602-E32159D48223}.Debug|Any CPU.Build.0 = Debug|Any CPU
		{15B737C0-6634-41F9-B602-E32159D48223}.Debug|x64.ActiveCfg = Debug|Any CPU
		{15B737C0-6634-41F9-B602-E32159D48223}.Debug|x64.Build.0 = Debug|Any CPU
		{15B737C0-6634-41F9-B602-E32159D48223}.Debug|x86.ActiveCfg = Debug|Any CPU
		{15B737C0-6634-41F9-B602-E32159D48223}.Debug|x86.Build.0 = Debug|Any CPU
		{15B737C0-6634-41F9-B602-E32159D48223}.Release|Any CPU.ActiveCfg = Release|Any CPU
		{15B737C0-6634-41F9-B602-E32159D48223}.Release|Any CPU.Build.0 = Release|Any CPU
		{15B737C0-6634-41F9-B602-E32159D48223}.Release|x64.ActiveCfg = Release|Any CPU
		{15B737C0-6634-41F9-B602-E32159D48223}.Release|x64.Build.0 = Release|Any CPU
		{15B737C0-6634-41F9-B602-E32159D48223}.Release|x86.ActiveCfg = Release|Any CPU
		{15B737C0-6634-41F9-B602-E32159D48223}.Release|x86.Build.0 = Release|Any CPU
		{8D9932EB-147E-46AE-9B4F-44C137996042}.Debug|Any CPU.ActiveCfg = Debug|Any CPU
		{8D9932EB-147E-46AE-9B4F-44C137996042}.Debug|Any CPU.Build.0 = Debug|Any CPU
		{8D9932EB-147E-46AE-9B4F-44C137996042}.Debug|x64.ActiveCfg = Debug|Any CPU
		{8D9932EB-147E-46AE-9B4F-44C137996042}.Debug|x64.Build.0 = Debug|Any CPU
		{8D9932EB-147E-46AE-9B4F-44C137996042}.Debug|x86.ActiveCfg = Debug|Any CPU
		{8D9932EB-147E-46AE-9B4F-44C137996042}.Debug|x86.Build.0 = Debug|Any CPU
		{8D9932EB-147E-46AE-9B4F-44C137996042}.Release|Any CPU.ActiveCfg = Release|Any CPU
		{8D9932EB-147E-46AE-9B4F-44C137996042}.Release|Any CPU.Build.0 = Release|Any CPU
		{8D9932EB-147E-46AE-9B4F-44C137996042}.Release|x64.ActiveCfg = Release|Any CPU
		{8D9932EB-147E-46AE-9B4F-44C137996042}.Release|x64.Build.0 = Release|Any CPU
		{8D9932EB-147E-46AE-9B4F-44C137996042}.Release|x86.ActiveCfg = Release|Any CPU
		{8D9932EB-147E-46AE-9B4F-44C137996042}.Release|x86.Build.0 = Release|Any CPU
	EndGlobalSection
	GlobalSection(SolutionProperties) = preSolution
		HideSolutionNode = FALSE
	EndGlobalSection
	GlobalSection(NestedProjects) = preSolution
		{A2302C35-8F6D-4E01-B495-09E2664E2B83} = {FB59843A-6725-447F-8E49-703593ECD578}
		{73EA6B26-8A9C-4639-90B3-B253201E61A8} = {FB59843A-6725-447F-8E49-703593ECD578}
		{F43BE926-884A-4296-8C19-572D621192A4} = {FB59843A-6725-447F-8E49-703593ECD578}
		{1EAD2A4A-2EB8-4167-B6CA-224274BABC85} = {FB59843A-6725-447F-8E49-703593ECD578}
		{88E78A10-CA59-401A-8788-ED9204E4CB00} = {1EAD2A4A-2EB8-4167-B6CA-224274BABC85}
		{965F5967-C09C-4E6F-B370-0722240F0950} = {1EAD2A4A-2EB8-4167-B6CA-224274BABC85}
		{0A404455-CE59-466F-9B6A-B308EF8BF14F} = {1EAD2A4A-2EB8-4167-B6CA-224274BABC85}
		{5DE5C164-2295-4892-8B44-3EB979AF7346} = {FB59843A-6725-447F-8E49-703593ECD578}
		{F9FFDFE9-66FF-426E-AAB0-4B359398B195} = {FB59843A-6725-447F-8E49-703593ECD578}
		{BDE7B8D2-B7A5-4012-A86F-033AAA07D2FA} = {FB59843A-6725-447F-8E49-703593ECD578}
		{EBB7FFED-2980-4025-AD8D-B373BCA7F581} = {FB59843A-6725-447F-8E49-703593ECD578}
		{34769E85-7136-43C1-A2AD-828632C5DB80} = {FB59843A-6725-447F-8E49-703593ECD578}
		{AE6CBBD5-F897-4E2F-A3E7-3F8DED7CE467} = {C19E419D-E6AA-4A65-96A9-082A3F66E253}
		{974A9855-1F19-4252-80E5-67E92B7F0587} = {C19E419D-E6AA-4A65-96A9-082A3F66E253}
		{B9693ABF-83AD-4F52-92A2-0258778B82DA} = {974A9855-1F19-4252-80E5-67E92B7F0587}
		{8A6613A3-B4C9-4298-90A0-A2C27353DC45} = {974A9855-1F19-4252-80E5-67E92B7F0587}
		{398B0222-5417-447F-A9C0-79C0CD19EF9B} = {C19E419D-E6AA-4A65-96A9-082A3F66E253}
		{15B737C0-6634-41F9-B602-E32159D48223} = {398B0222-5417-447F-A9C0-79C0CD19EF9B}
		{8D9932EB-147E-46AE-9B4F-44C137996042} = {398B0222-5417-447F-A9C0-79C0CD19EF9B}
	EndGlobalSection
	GlobalSection(ExtensibilityGlobals) = postSolution
		SolutionGuid = {7C37280B-0187-4B79-92D9-0ECB7E36D825}
	EndGlobalSection
EndGlobal
